github.com/FollowTheProcess/snapshot v0.1.0 h1:G5tWpBXVre6cTrmN1OWZLiTnqEi9IKLiewtQQYOnQqc=
github.com/FollowTheProcess/snapshot v0.1.0/go.mod h1:sJv2oq83QK5Yj6+JVts8fQIaAJjQfsxN/WtGqX8oKIg=
golang.org/x/tools v0.28.0 h1:WuB6qZ4RPCQo5aP3WdKZS7i595EdWqWR8vqJTlwTVK8=
golang.org/x/tools v0.28.0/go.mod h1:dcIOrVd3mfQKTgrDVQHqCPMWy6lnhfhtX3hLXYVLfRw=
