go.followtheprocess.codes/hue v0.6.0 h1:JDLnRrkauCCIyYRqKNBDM+X6X5o75j2CG3iddnzIuhc=
go.followtheprocess.codes/hue v0.6.0/go.mod h1:tNCWKaywHqkFo20hYOVwG7CaoRajJeE2AueP5HStY7U=
go.followtheprocess.codes/snapshot v0.6.0 h1:aq7WIc8hInqdpdrOzntk9lqHwxUqSw3YbgLYaoy0laQ=
go.followtheprocess.codes/snapshot v0.6.0/go.mod h1:0hskrLbmTgcv3h1YgVgX0CXiiOKq0UvhM4PewnOZOno=
golang.org/x/sys v0.34.0 h1:H5Y5sJ2L2JRdyv7ROF1he/lPdvFsd0mJHFw2ThKHxLA=
golang.org/x/sys v0.34.0/go.mod h1:BJP2sWEmIv4KK5OTEluFJCKSidICx8ciO85XgH3Ak8k=
golang.org/x/term v0.33.0 h1:NuFncQrRcaRvVmgRkvM3j/F00gWIAlcmlB8ACEKmGIg=
golang.org/x/term v0.33.0/go.mod h1:s18+ql9tYWp1IfpV9DmCtQDDSRBUjKaw9M1eAv5UeF0=
golang.org/x/tools v0.35.0 h1:mBffYraMEf7aa0sB+NuKnuCy8qI/9Bughn8dC2Gu5r0=
golang.org/x/tools v0.35.0/go.mod h1:NKdj5HkL/73byiZSJjqJgKn3ep7KjFkBOkR/Hps3VPw=
